
Microsoft Visual Studio Solution File, Format Version 12.00
# Visual Studio 14
VisualStudioVersion = 14.0.25420.1
MinimumVisualStudioVersion = 10.0.40219.1
Project("{FAE04EC0-301F-11D3-BF4B-00C04F79EFBC}") = "CR.Web", "CR.Web\CR.Web.csproj", "{561287E6-6AA9-4946-B387-BFAF47EB3963}"
EndProject
Project("{FAE04EC0-301F-11D3-BF4B-00C04F79EFBC}") = "CR.Modelo", "Librerias\CR.Modelo\CR.Modelo.csproj", "{3F022B15-A450-4EB0-85CC-168246D48EE7}"
EndProject
Project("{FAE04EC0-301F-11D3-BF4B-00C04F79EFBC}") = "CR.Repositorio", "Librerias\CR.Repositorio\CR.Repositorio.csproj", "{C1F42E3C-E6B5-4B66-B422-40DC37958899}"
EndProject
Global
	GlobalSection(SolutionConfigurationPlatforms) = preSolution
		Debug|Any CPU = Debug|Any CPU
		Release|Any CPU = Release|Any CPU
	EndGlobalSection
	GlobalSection(ProjectConfigurationPlatforms) = postSolution
		{561287E6-6AA9-4946-B387-BFAF47EB3963}.Debug|Any CPU.ActiveCfg = Debug|Any CPU
		{561287E6-6AA9-4946-B387-BFAF47EB3963}.Debug|Any CPU.Build.0 = Debug|Any CPU
		{561287E6-6AA9-4946-B387-BFAF47EB3963}.Release|Any CPU.ActiveCfg = Release|Any CPU
		{561287E6-6AA9-4946-B387-BFAF47EB3963}.Release|Any CPU.Build.0 = Release|Any CPU
		{3F022B15-A450-4EB0-85CC-168246D48EE7}.Debug|Any CPU.ActiveCfg = Debug|Any CPU
		{3F022B15-A450-4EB0-85CC-168246D48EE7}.Debug|Any CPU.Build.0 = Debug|Any CPU
		{3F022B15-A450-4EB0-85CC-168246D48EE7}.Release|Any CPU.ActiveCfg = Release|Any CPU
		{3F022B15-A450-4EB0-85CC-168246D48EE7}.Release|Any CPU.Build.0 = Release|Any CPU
		{C1F42E3C-E6B5-4B66-B422-40DC37958899}.Debug|Any CPU.ActiveCfg = Debug|Any CPU
		{C1F42E3C-E6B5-4B66-B422-40DC37958899}.Debug|Any CPU.Build.0 = Debug|Any CPU
		{C1F42E3C-E6B5-4B66-B422-40DC37958899}.Release|Any CPU.ActiveCfg = Release|Any CPU
		{C1F42E3C-E6B5-4B66-B422-40DC37958899}.Release|Any CPU.Build.0 = Release|Any CPU
	EndGlobalSection
	GlobalSection(SolutionProperties) = preSolution
		HideSolutionNode = FALSE
	EndGlobalSection
EndGlobal
